<Solution>
  <Folder Name="/Elementy rozwiązania/">
    <File Path="Location.cs" />
    <File Path="Subscriber.cs" />
    <File Path="Trainer.cs" />
    <File Path="Training.cs" />
    <File Path="TrainingService.cs" />
    <File Path="User.cs" />
  </Folder>
  <Project Path="GroomingTrainingSystem.csproj" />
</Solution>
